
Microsoft Visual Studio Solution File, Format Version 12.00
# Visual Studio 15
VisualStudioVersion = 15.0.28307.102
MinimumVisualStudioVersion = 10.0.40219.1
Project("{FAE04EC0-301F-11D3-BF4B-00C04F79EFBC}") = "MD5", "MD5\MD5.csproj", "{2D028B48-BDE5-46FC-8097-A2E6527691F3}"
EndProject
Global
	GlobalSection(SolutionConfigurationPlatforms) = preSolution
		Debug|Any CPU = Debug|Any CPU
		Release|Any CPU = Release|Any CPU
	EndGlobalSection
	GlobalSection(ProjectConfigurationPlatforms) = postSolution
		{2D028B48-BDE5-46FC-8097-A2E6527691F3}.Debug|Any CPU.ActiveCfg = Debug|Any CPU
		{2D028B48-BDE5-46FC-8097-A2E6527691F3}.Debug|Any CPU.Build.0 = Debug|Any CPU
		{2D028B48-BDE5-46FC-8097-A2E6527691F3}.Release|Any CPU.ActiveCfg = Release|Any CPU
		{2D028B48-BDE5-46FC-8097-A2E6527691F3}.Release|Any CPU.Build.0 = Release|Any CPU
	EndGlobalSection
	GlobalSection(SolutionProperties) = preSolution
		HideSolutionNode = FALSE
	EndGlobalSection
	GlobalSection(ExtensibilityGlobals) = postSolution
		SolutionGuid = {CC27B48B-F54C-4322-861D-CBF89AF29FE9}
	EndGlobalSection
EndGlobal
